
Microsoft Visual Studio Solution File, Format Version 12.00
Project("{FAE04EC0-301F-11D3-BF4B-00C04F79EFBC}") = "Starter.Net.Api", "Src/Starter.Net.Api\Starter.Net.Api.csproj", "{3390DAD2-9B7D-4E8E-B18A-B483597C5887}"
EndProject
Project("{FAE04EC0-301F-11D3-BF4B-00C04F79EFBC}") = "Starter.Net.Startup", "Src\Starter.Net.Startup\Starter.Net.Startup.csproj", "{D3B1DB4E-D8C0-4C66-AB04-9A439EB1B0CC}"
EndProject
Project("{FAE04EC0-301F-11D3-BF4B-00C04F79EFBC}") = "Starter.Net.Startup.Test", "Starter.Net.Startup.Test\Starter.Net.Startup.Test.csproj", "{983DDAC1-C51F-45CC-8A99-AD03B9E0AA3E}"
EndProject
Global
	GlobalSection(SolutionConfigurationPlatforms) = preSolution
		Debug|Any CPU = Debug|Any CPU
		Release|Any CPU = Release|Any CPU
	EndGlobalSection
	GlobalSection(ProjectConfigurationPlatforms) = postSolution
		{3390DAD2-9B7D-4E8E-B18A-B483597C5887}.Debug|Any CPU.ActiveCfg = Debug|Any CPU
		{3390DAD2-9B7D-4E8E-B18A-B483597C5887}.Debug|Any CPU.Build.0 = Debug|Any CPU
		{3390DAD2-9B7D-4E8E-B18A-B483597C5887}.Release|Any CPU.ActiveCfg = Release|Any CPU
		{3390DAD2-9B7D-4E8E-B18A-B483597C5887}.Release|Any CPU.Build.0 = Release|Any CPU
		{D3B1DB4E-D8C0-4C66-AB04-9A439EB1B0CC}.Debug|Any CPU.ActiveCfg = Debug|Any CPU
		{D3B1DB4E-D8C0-4C66-AB04-9A439EB1B0CC}.Debug|Any CPU.Build.0 = Debug|Any CPU
		{D3B1DB4E-D8C0-4C66-AB04-9A439EB1B0CC}.Release|Any CPU.ActiveCfg = Release|Any CPU
		{D3B1DB4E-D8C0-4C66-AB04-9A439EB1B0CC}.Release|Any CPU.Build.0 = Release|Any CPU
		{983DDAC1-C51F-45CC-8A99-AD03B9E0AA3E}.Debug|Any CPU.ActiveCfg = Debug|Any CPU
		{983DDAC1-C51F-45CC-8A99-AD03B9E0AA3E}.Debug|Any CPU.Build.0 = Debug|Any CPU
		{983DDAC1-C51F-45CC-8A99-AD03B9E0AA3E}.Release|Any CPU.ActiveCfg = Release|Any CPU
		{983DDAC1-C51F-45CC-8A99-AD03B9E0AA3E}.Release|Any CPU.Build.0 = Release|Any CPU
	EndGlobalSection
EndGlobal
